
Microsoft Visual Studio Solution File, Format Version 12.00
# Visual Studio 15
VisualStudioVersion = 15.0.28010.2019
MinimumVisualStudioVersion = 10.0.40219.1
Project("{FAE04EC0-301F-11D3-BF4B-00C04F79EFBC}") = "MoC2", "MoC2\MoC2.csproj", "{7FFF87AA-3551-4845-8B4A-6D3B76FC0FCD}"
EndProject
Global
	GlobalSection(SolutionConfigurationPlatforms) = preSolution
		Debug|Any CPU = Debug|Any CPU
		Release|Any CPU = Release|Any CPU
	EndGlobalSection
	GlobalSection(ProjectConfigurationPlatforms) = postSolution
		{7FFF87AA-3551-4845-8B4A-6D3B76FC0FCD}.Debug|Any CPU.ActiveCfg = Debug|Any CPU
		{7FFF87AA-3551-4845-8B4A-6D3B76FC0FCD}.Debug|Any CPU.Build.0 = Debug|Any CPU
		{7FFF87AA-3551-4845-8B4A-6D3B76FC0FCD}.Release|Any CPU.ActiveCfg = Release|Any CPU
		{7FFF87AA-3551-4845-8B4A-6D3B76FC0FCD}.Release|Any CPU.Build.0 = Release|Any CPU
	EndGlobalSection
	GlobalSection(SolutionProperties) = preSolution
		HideSolutionNode = FALSE
	EndGlobalSection
	GlobalSection(ExtensibilityGlobals) = postSolution
		SolutionGuid = {06B44BB0-F0D6-4407-A134-31C1A655DC7A}
	EndGlobalSection
EndGlobal
